// !$*UTF8*$!
{
	archiveVersion = 1;
	classes = {
	};
	objectVersion = 46;
	objects = {

/* Begin PBXBuildFile section */
		DE77C0F81CAB0B1D0029461A /* AppDelegate.swift in Sources */ = {isa = PBXBuildFile; fileRef = DE77C0F71CAB0B1C0029461A /* AppDelegate.swift */; };
		DE77C0FA1CAB0B1D0029461A /* ViewController.swift in Sources */ = {isa = PBXBuildFile; fileRef = DE77C0F91CAB0B1D0029461A /* ViewController.swift */; };
		DE77C0FD1CAB0B1D0029461A /* Main.storyboard in Resources */ = {isa = PBXBuildFile; fileRef = DE77C0FB1CAB0B1D0029461A /* Main.storyboard */; };
		DE77C0FF1CAB0B1D0029461A /* Assets.xcassets in Resources */ = {isa = PBXBuildFile; fileRef = DE77C0FE1CAB0B1D0029461A /* Assets.xcassets */; };
		DE77C1021CAB0B1D0029461A /* LaunchScreen.storyboard in Resources */ = {isa = PBXBuildFile; fileRef = DE77C1001CAB0B1D0029461A /* LaunchScreen.storyboard */; };
/* End PBXBuildFile section */

/* Begin PBXFileReference section */
		DE77C0F41CAB0B1C0029461A /* gitDemoTH.app */ = {isa = PBXFileReference; explicitFileType = wrapper.application; includeInIndex = 0; path = gitDemoTH.app; sourceTree = BUILT_PRODUCTS_DIR; };
		DE77C0F71CAB0B1C0029461A /* AppDelegate.swift */ = {isa = PBXFileReference; lastKnownFileType = sourcecode.swift; path = AppDelegate.swift; sourceTree = "<group>"; };
		DE77C0F91CAB0B1D0029461A /* ViewController.swift */ = {isa = PBXFileReference; lastKnownFileType = sourcecode.swift; path = ViewController.swift; sourceTree = "<group>"; };
		DE77C0FC1CAB0B1D0029461A /* Base */ = {isa = PBXFileReference; lastKnownFileType = file.storyboard; name = Base; path = Base.lproj/Main.storyboard; sourceTree = "<group>"; };
		DE77C0FE1CAB0B1D0029461A /* Assets.xcassets */ = {isa = PBXFileReference; lastKnownFileType = folder.assetcatalog; path = Assets.xcassets; sourceTree = "<group>"; };
		DE77C1011CAB0B1D0029461A /* Base */ = {isa = PBXFileReference; lastKnownFileType = file.storyboard; name = Base; path = Base.lproj/LaunchScreen.storyboard; sourceTree = "<group>"; };
		DE77C1031CAB0B1D0029461A /* Info.plist */ = {isa = PBXFileReference; lastKnownFileType = text.plist.xml; path = Info.plist; sourceTree = "<group>"; };
/* End PBXFileReference section */

/* Begin PBXFrameworksBuildPhase section */
		DE77C0F11CAB0B1C0029461A /* Frameworks */ = {
			isa = PBXFrameworksBuildPhase;
			buildActionMask = 2147483647;
			files = (
			);
			runOnlyForDeploymentPostprocessing = 0;
		};
/* End PBXFrameworksBuildPhase section */

/* Begin PBXGroup section */
		DE77C0EB1CAB0B1C0029461A = {
			isa = PBXGroup;
			children = (
				DE77C0F61CAB0B1C0029461A /* gitDemoTH */,
				DE77C0F51CAB0B1C0029461A /* Products */,
			);
			sourceTree = "<group>";
		};
		DE77C0F51CAB0B1C0029461A /* Products */ = {
			isa = PBXGroup;
			children = (
				DE77C0F41CAB0B1C0029461A /* gitDemoTH.app */,
			);
			name = Products;
			sourceTree = "<group>";
		};
		DE77C0F61CAB0B1C0029461A /* gitDemoTH */ = {
			isa = PBXGroup;
			children = (
				DE77C0F71CAB0B1C0029461A /* AppDelegate.swift */,
				DE77C0F91CAB0B1D0029461A /* ViewController.swift */,
				DE77C0FB1CAB0B1D0029461A /* Main.storyboard */,
				DE77C0FE1CAB0B1D0029461A /* Assets.xcassets */,
				DE77C1001CAB0B1D0029461A /* LaunchScreen.storyboard */,
				DE77C1031CAB0B1D0029461A /* Info.plist */,
			);
			path = gitDemoTH;
			sourceTree = "<group>";
		};
/* End PBXGroup section */

/* Begin PBXNativeTarget section */
		DE77C0F31CAB0B1C0029461A /* gitDemoTH */ = {
			isa = PBXNativeTarget;
			buildConfigurationList = DE77C1061CAB0B1D0029461A /* Build configuration list for PBXNativeTarget "gitDemoTH" */;
			buildPhases = (
				DE77C0F01CAB0B1C0029461A /* Sources */,
				DE77C0F11CAB0B1C0029461A /* Frameworks */,
				DE77C0F21CAB0B1C0029461A /* Resources */,
			);
			buildRules = (
			);
			dependencies = (
			);
			name = gitDemoTH;
			productName = gitDemoTH;
			productReference = DE77C0F41CAB0B1C0029461A /* gitDemoTH.app */;
			productType = "com.apple.product-type.application";
		};
/* End PBXNativeTarget section */

/* Begin PBXProject section */
		DE77C0EC1CAB0B1C0029461A /* Project object */ = {
			isa = PBXProject;
			attributes = {
				LastSwiftUpdateCheck = 0730;
				LastUpgradeCheck = 0730;
				ORGANIZATIONNAME = "Jacob Virgin";
				TargetAttributes = {
					DE77C0F31CAB0B1C0029461A = {
						CreatedOnToolsVersion = 7.3;
					};
				};
			};
			buildConfigurationList = DE77C0EF1CAB0B1C0029461A /* Build configuration list for PBXProject "gitDemoTH" */;
			compatibilityVersion = "Xcode 3.2";
			developmentRegion = English;
			hasScannedForEncodings = 0;
			knownRegions = (
				en,
				Base,
			);
			mainGroup = DE77C0EB1CAB0B1C0029461A;
			productRefGroup = DE77C0F51CAB0B1C0029461A /* Products */;
			projectDirPath = "";
			projectRoot = "";
			targets = (
				DE77C0F31CAB0B1C0029461A /* gitDemoTH */,
			);
		};
/* End PBXProject section */

/* Begin PBXResourcesBuildPhase section */
		DE77C0F21CAB0B1C0029461A /* Resources */ = {
			isa = PBXResourcesBuildPhase;
			buildActionMask = 2147483647;
			files = (
				DE77C1021CAB0B1D0029461A /* LaunchScreen.storyboard in Resources */,
				DE77C0FF1CAB0B1D0029461A /* Assets.xcassets in Resources */,
				DE77C0FD1CAB0B1D0029461A /* Main.storyboard in Resources */,
			);
			runOnlyForDeploymentPostprocessing = 0;
		};
/* End PBXResourcesBuildPhase section */

/* Begin PBXSourcesBuildPhase section */
		DE77C0F01CAB0B1C0029461A /* Sources */ = {
			isa = PBXSourcesBuildPhase;
			buildActionMask = 2147483647;
			files = (
				DE77C0FA1CAB0B1D0029461A /* ViewController.swift in Sources */,
				DE77C0F81CAB0B1D0029461A /* AppDelegate.swift in Sources */,
			);
			runOnlyForDeploymentPostprocessing = 0;
		};
/* End PBXSourcesBuildPhase section */

/* Begin PBXVariantGroup section */
		DE77C0FB1CAB0B1D0029461A /* Main.storyboard */ = {
			isa = PBXVariantGroup;
			children = (
				DE77C0FC1CAB0B1D0029461A /* Base */,
			);
			name = Main.storyboard;
			sourceTree = "<group>";
		};
		DE77C1001CAB0B1D0029461A /* LaunchScreen.storyboard */ = {
			isa = PBXVariantGroup;
			children = (
				DE77C1011CAB0B1D0029461A /* Base */,
			);
			name = LaunchScreen.storyboard;
			sourceTree = "<group>";
		};
/* End PBXVariantGroup section */

/* Begin XCBuildConfiguration section */
		DE77C1041CAB0B1D0029461A /* Debug */ = {
			isa = XCBuildConfiguration;
			buildSettings = {
				ALWAYS_SEARCH_USER_PATHS = NO;
				CLANG_ANALYZER_NONNULL = YES;
				CLANG_CXX_LANGUAGE_STANDARD = "gnu++0x";
				CLANG_CXX_LIBRARY = "libc++";
				CLANG_ENABLE_MODULES = YES;
				CLANG_ENABLE_OBJC_ARC = YES;
				CLANG_WARN_BOOL_CONVERSION = YES;
				CLANG_WARN_CONSTANT_CONVERSION = YES;
				CLANG_WARN_DIRECT_OBJC_ISA_USAGE = YES_ERROR;
				CLANG_WARN_EMPTY_BODY = YES;
				CLANG_WARN_ENUM_CONVERSION = YES;
				CLANG_WARN_INT_CONVERSION = YES;
				CLANG_WARN_OBJC_ROOT_CLASS = YES_ERROR;
				CLANG_WARN_UNREACHABLE_CODE = YES;
				CLANG_WARN__DUPLICATE_METHOD_MATCH = YES;
				"CODE_SIGN_IDENTITY[sdk=iphoneos*]" = "iPhone Developer";
				COPY_PHASE_STRIP = NO;
				DEBUG_INFORMATION_FORMAT = dwarf;
				ENABLE_STRICT_OBJC_MSGSEND = YES;
				ENABLE_TESTABILITY = YES;
				GCC_C_LANGUAGE_STANDARD = gnu99;
				GCC_DYNAMIC_NO_PIC = NO;
				GCC_NO_COMMON_BLOCKS = YES;
				GCC_OPTIMIZATION_LEVEL = 0;
				GCC_PREPROCESSOR_DEFINITIONS = (
					"DEBUG=1",
					"$(inherited)",
				);
				GCC_WARN_64_TO_32_BIT_CONVERSION = YES;
				GCC_WARN_ABOUT_RETURN_TYPE = YES_ERROR;
				GCC_WARN_UNDECLARED_SELECTOR = YES;
				GCC_WARN_UNINITIALIZED_AUTOS = YES_AGGRESSIVE;
				GCC_WARN_UNUSED_FUNCTION = YES;
				GCC_WARN_UNUSED_VARIABLE = YES;
				IPHONEOS_DEPLOYMENT_TARGET = 9.3;
				MTL_ENABLE_DEBUG_INFO = YES;
				ONLY_ACTIVE_ARCH = YES;
				SDKROOT = iphoneos;
				SWIFT_OPTIMIZATION_LEVEL = "-Onone";
			};
			name = Debug;
		};
		DE77C1051CAB0B1D0029461A /* Release */ = {
			isa = XCBuildConfiguration;
			buildSettings = {
				ALWAYS_SEARCH_USER_PATHS = NO;
				CLANG_ANALYZER_NONNULL = YES;
				CLANG_CXX_LANGUAGE_STANDARD = "gnu++0x";
				CLANG_CXX_LIBRARY = "libc++";
				CLANG_ENABLE_MODULES = YES;
				CLANG_ENABLE_OBJC_ARC = YES;
				CLANG_WARN_BOOL_CONVERSION = YES;
				CLANG_WARN_CONSTANT_CONVERSION = YES;
				CLANG_WARN_DIRECT_OBJC_ISA_USAGE = YES_ERROR;
				CLANG_WARN_EMPTY_BODY = YES;
				CLANG_WARN_ENUM_CONVERSION = YES;
				CLANG_WARN_INT_CONVERSION = YES;
				CLANG_WARN_OBJC_ROOT_CLASS = YES_ERROR;
				CLANG_WARN_UNREACHABLE_CODE = YES;
				CLANG_WARN__DUPLICATE_METHOD_MATCH = YES;
				"CODE_SIGN_IDENTITY[sdk=iphoneos*]" = "iPhone Developer";
				COPY_PHASE_STRIP = NO;
				DEBUG_INFORMATION_FORMAT = "dwarf-with-dsym";
				ENABLE_NS_ASSERTIONS = NO;
				ENABLE_STRICT_OBJC_MSGSEND = YES;
				GCC_C_LANGUAGE_STANDARD = gnu99;
				GCC_NO_COMMON_BLOCKS = YES;
				GCC_WARN_64_TO_32_BIT_CONVERSION = YES;
				GCC_WARN_ABOUT_RETURN_TYPE = YES_ERROR;
				GCC_WARN_UNDECLARED_SELECTOR = YES;
				GCC_WARN_UNINITIALIZED_AUTOS = YES_AGGRESSIVE;
				GCC_WARN_UNUSED_FUNCTION = YES;
				GCC_WARN_UNUSED_VARIABLE = YES;
				IPHONEOS_DEPLOYMENT_TARGET = 9.3;
				MTL_ENABLE_DEBUG_INFO = NO;
				SDKROOT = iphoneos;
				VALIDATE_PRODUCT = YES;
			};
			name = Release;
		};
		DE77C1071CAB0B1D0029461A /* Debug */ = {
			isa = XCBuildConfiguration;
			buildSettings = {
				ASSETCATALOG_COMPILER_APPICON_NAME = AppIcon;
				INFOPLIST_FILE = gitDemoTH/Info.plist;
				LD_RUNPATH_SEARCH_PATHS = "$(inherited) @executable_path/Frameworks";
				PRODUCT_BUNDLE_IDENTIFIER = com.virgin.exposure.gitDemoTH;
				PRODUCT_NAME = "$(TARGET_NAME)";
			};
			name = Debug;
		};
		DE77C1081CAB0B1D0029461A /* Release */ = {
			isa = XCBuildConfiguration;
			buildSettings = {
				ASSETCATALOG_COMPILER_APPICON_NAME = AppIcon;
				INFOPLIST_FILE = gitDemoTH/Info.plist;
				LD_RUNPATH_SEARCH_PATHS = "$(inherited) @executable_path/Frameworks";
				PRODUCT_BUNDLE_IDENTIFIER = com.virgin.exposure.gitDemoTH;
				PRODUCT_NAME = "$(TARGET_NAME)";
			};
			name = Release;
		};
/* End XCBuildConfiguration section */

/* Begin XCConfigurationList section */
		DE77C0EF1CAB0B1C0029461A /* Build configuration list for PBXProject "gitDemoTH" */ = {
			isa = XCConfigurationList;
			buildConfigurations = (
				DE77C1041CAB0B1D0029461A /* Debug */,
				DE77C1051CAB0B1D0029461A /* Release */,
			);
			defaultConfigurationIsVisible = 0;
			defaultConfigurationName = Release;
		};
		DE77C1061CAB0B1D0029461A /* Build configuration list for PBXNativeTarget "gitDemoTH" */ = {
			isa = XCConfigurationList;
			buildConfigurations = (
				DE77C1071CAB0B1D0029461A /* Debug */,
				DE77C1081CAB0B1D0029461A /* Release */,
			);
			defaultConfigurationIsVisible = 0;
		};
/* End XCConfigurationList section */
	};
	rootObject = DE77C0EC1CAB0B1C0029461A /* Project object */;
}
